
Microsoft Visual Studio Solution File, Format Version 12.00
# Visual Studio Version 17
VisualStudioVersion = 17.7.34003.232
MinimumVisualStudioVersion = 10.0.40219.1
Project("{FAE04EC0-301F-11D3-BF4B-00C04F79EFBC}") = "ChessBoard1", "ChessBoard1\ChessBoard1.csproj", "{6EB38A88-A3AE-4331-BD7C-E64FE24B6A79}"
EndProject
Global
	GlobalSection(SolutionConfigurationPlatforms) = preSolution
		Debug|Any CPU = Debug|Any CPU
		Release|Any CPU = Release|Any CPU
	EndGlobalSection
	GlobalSection(ProjectConfigurationPlatforms) = postSolution
		{6EB38A88-A3AE-4331-BD7C-E64FE24B6A79}.Debug|Any CPU.ActiveCfg = Debug|Any CPU
		{6EB38A88-A3AE-4331-BD7C-E64FE24B6A79}.Debug|Any CPU.Build.0 = Debug|Any CPU
		{6EB38A88-A3AE-4331-BD7C-E64FE24B6A79}.Release|Any CPU.ActiveCfg = Release|Any CPU
		{6EB38A88-A3AE-4331-BD7C-E64FE24B6A79}.Release|Any CPU.Build.0 = Release|Any CPU
	EndGlobalSection
	GlobalSection(SolutionProperties) = preSolution
		HideSolutionNode = FALSE
	EndGlobalSection
	GlobalSection(ExtensibilityGlobals) = postSolution
		SolutionGuid = {6C8C25F5-EE39-4043-B6B1-5598A9098555}
	EndGlobalSection
EndGlobal
